
Microsoft Visual Studio Solution File, Format Version 11.00
# Visual Studio 2010
Project("{2857B73E-F847-4B02-9238-064979017E93}") = "PoinTransform", "PoinTransform.cproj", "{D0DD1435-9BE1-4AA4-BBF0-213B97249347}"
EndProject
Global
	GlobalSection(SolutionConfigurationPlatforms) = preSolution
		Debug|Any CPU = Debug|Any CPU
		Release|Any CPU = Release|Any CPU
	EndGlobalSection
	GlobalSection(ProjectConfigurationPlatforms) = postSolution
		{D0DD1435-9BE1-4AA4-BBF0-213B97249347}.Debug|Any CPU.ActiveCfg = Debug|Any CPU
		{D0DD1435-9BE1-4AA4-BBF0-213B97249347}.Debug|Any CPU.Build.0 = Debug|Any CPU
		{D0DD1435-9BE1-4AA4-BBF0-213B97249347}.Release|Any CPU.ActiveCfg = Release|Any CPU
		{D0DD1435-9BE1-4AA4-BBF0-213B97249347}.Release|Any CPU.Build.0 = Release|Any CPU
	EndGlobalSection
	GlobalSection(MonoDevelopProperties) = preSolution
		StartupItem = PoinTransform.cproj
	EndGlobalSection
EndGlobal
